
Microsoft Visual Studio Solution File, Format Version 12.00
# Visual Studio 15
VisualStudioVersion = 15.0.26730.3
MinimumVisualStudioVersion = 10.0.40219.1
Project("{FAE04EC0-301F-11D3-BF4B-00C04F79EFBC}") = "WebApp", "WebApp\WebApp.csproj", "{C26BB832-0DC8-4CB4-9501-C4AD00133D75}"
EndProject
Global
	GlobalSection(SolutionConfigurationPlatforms) = preSolution
		Debug|Any CPU = Debug|Any CPU
		Release|Any CPU = Release|Any CPU
	EndGlobalSection
	GlobalSection(ProjectConfigurationPlatforms) = postSolution
		{C26BB832-0DC8-4CB4-9501-C4AD00133D75}.Debug|Any CPU.ActiveCfg = Debug|Any CPU
		{C26BB832-0DC8-4CB4-9501-C4AD00133D75}.Debug|Any CPU.Build.0 = Debug|Any CPU
		{C26BB832-0DC8-4CB4-9501-C4AD00133D75}.Release|Any CPU.ActiveCfg = Release|Any CPU
		{C26BB832-0DC8-4CB4-9501-C4AD00133D75}.Release|Any CPU.Build.0 = Release|Any CPU
	EndGlobalSection
	GlobalSection(SolutionProperties) = preSolution
		HideSolutionNode = FALSE
	EndGlobalSection
	GlobalSection(ExtensibilityGlobals) = postSolution
		SolutionGuid = {409C5211-EE96-40B8-847C-B71948793513}
	EndGlobalSection
EndGlobal
